// !$*UTF8*$!
{
	archiveVersion = 1;
	classes = {
	};
	objectVersion = 56;
	objects = {

/* Begin PBXBuildFile section */
		02EF8EA42BC2C19200CA6274 /* AppDelegate.swift in Sources */ = {isa = PBXBuildFile; fileRef = 02EF8EA32BC2C19200CA6274 /* AppDelegate.swift */; };
		02EF8EA62BC2C19200CA6274 /* SceneDelegate.swift in Sources */ = {isa = PBXBuildFile; fileRef = 02EF8EA52BC2C19200CA6274 /* SceneDelegate.swift */; };
		02EF8EA82BC2C19200CA6274 /* ViewController.swift in Sources */ = {isa = PBXBuildFile; fileRef = 02EF8EA72BC2C19200CA6274 /* ViewController.swift */; };
		02EF8EAB2BC2C19200CA6274 /* Base in Resources */ = {isa = PBXBuildFile; fileRef = 02EF8EAA2BC2C19200CA6274 /* Base */; };
		02EF8EAD2BC2C19400CA6274 /* Assets.xcassets in Resources */ = {isa = PBXBuildFile; fileRef = 02EF8EAC2BC2C19400CA6274 /* Assets.xcassets */; };
		02EF8EB02BC2C19400CA6274 /* Base in Resources */ = {isa = PBXBuildFile; fileRef = 02EF8EAF2BC2C19400CA6274 /* Base */; };
		02EF8EBB2BC2C19400CA6274 /* MapApplicationTests.swift in Sources */ = {isa = PBXBuildFile; fileRef = 02EF8EBA2BC2C19400CA6274 /* MapApplicationTests.swift */; };
		02EF8EC52BC2C19400CA6274 /* MapApplicationUITests.swift in Sources */ = {isa = PBXBuildFile; fileRef = 02EF8EC42BC2C19400CA6274 /* MapApplicationUITests.swift */; };
		02EF8EC72BC2C19400CA6274 /* MapApplicationUITestsLaunchTests.swift in Sources */ = {isa = PBXBuildFile; fileRef = 02EF8EC62BC2C19400CA6274 /* MapApplicationUITestsLaunchTests.swift */; };
		02EF8ED42BC2C32A00CA6274 /* CollectionViewCell.swift in Sources */ = {isa = PBXBuildFile; fileRef = 02EF8ED32BC2C32A00CA6274 /* CollectionViewCell.swift */; };
		02EF8ED92BC2C76400CA6274 /* ViewModel.swift in Sources */ = {isa = PBXBuildFile; fileRef = 02EF8ED82BC2C76400CA6274 /* ViewModel.swift */; };
		02EF8EDC2BC2C79A00CA6274 /* Location.swift in Sources */ = {isa = PBXBuildFile; fileRef = 02EF8EDB2BC2C79A00CA6274 /* Location.swift */; };
		02EF8EDF2BC2C8BD00CA6274 /* APIClient.swift in Sources */ = {isa = PBXBuildFile; fileRef = 02EF8EDE2BC2C8BD00CA6274 /* APIClient.swift */; };
		02EF8EE12BC2CE6F00CA6274 /* mockData.json in Resources */ = {isa = PBXBuildFile; fileRef = 02EF8EE02BC2CE6F00CA6274 /* mockData.json */; };
		02EF8EE32BC2CF3E00CA6274 /* DataLoader.swift in Sources */ = {isa = PBXBuildFile; fileRef = 02EF8EE22BC2CF3E00CA6274 /* DataLoader.swift */; };
/* End PBXBuildFile section */

/* Begin PBXContainerItemProxy section */
		02EF8EB72BC2C19400CA6274 /* PBXContainerItemProxy */ = {
			isa = PBXContainerItemProxy;
			containerPortal = 02EF8E982BC2C19200CA6274 /* Project object */;
			proxyType = 1;
			remoteGlobalIDString = 02EF8E9F2BC2C19200CA6274;
			remoteInfo = MapApplication;
		};
		02EF8EC12BC2C19400CA6274 /* PBXContainerItemProxy */ = {
			isa = PBXContainerItemProxy;
			containerPortal = 02EF8E982BC2C19200CA6274 /* Project object */;
			proxyType = 1;
			remoteGlobalIDString = 02EF8E9F2BC2C19200CA6274;
			remoteInfo = MapApplication;
		};
/* End PBXContainerItemProxy section */

/* Begin PBXFileReference section */
		02EF8EA02BC2C19200CA6274 /* MapApplication.app */ = {isa = PBXFileReference; explicitFileType = wrapper.application; includeInIndex = 0; path = MapApplication.app; sourceTree = BUILT_PRODUCTS_DIR; };
		02EF8EA32BC2C19200CA6274 /* AppDelegate.swift */ = {isa = PBXFileReference; lastKnownFileType = sourcecode.swift; path = AppDelegate.swift; sourceTree = "<group>"; };
		02EF8EA52BC2C19200CA6274 /* SceneDelegate.swift */ = {isa = PBXFileReference; lastKnownFileType = sourcecode.swift; path = SceneDelegate.swift; sourceTree = "<group>"; };
		02EF8EA72BC2C19200CA6274 /* ViewController.swift */ = {isa = PBXFileReference; lastKnownFileType = sourcecode.swift; path = ViewController.swift; sourceTree = "<group>"; };
		02EF8EAA2BC2C19200CA6274 /* Base */ = {isa = PBXFileReference; lastKnownFileType = file.storyboard; name = Base; path = Base.lproj/Main.storyboard; sourceTree = "<group>"; };
		02EF8EAC2BC2C19400CA6274 /* Assets.xcassets */ = {isa = PBXFileReference; lastKnownFileType = folder.assetcatalog; path = Assets.xcassets; sourceTree = "<group>"; };
		02EF8EAF2BC2C19400CA6274 /* Base */ = {isa = PBXFileReference; lastKnownFileType = file.storyboard; name = Base; path = Base.lproj/LaunchScreen.storyboard; sourceTree = "<group>"; };
		02EF8EB12BC2C19400CA6274 /* Info.plist */ = {isa = PBXFileReference; lastKnownFileType = text.plist.xml; path = Info.plist; sourceTree = "<group>"; };
		02EF8EB62BC2C19400CA6274 /* MapApplicationTests.xctest */ = {isa = PBXFileReference; explicitFileType = wrapper.cfbundle; includeInIndex = 0; path = MapApplicationTests.xctest; sourceTree = BUILT_PRODUCTS_DIR; };
		02EF8EBA2BC2C19400CA6274 /* MapApplicationTests.swift */ = {isa = PBXFileReference; lastKnownFileType = sourcecode.swift; path = MapApplicationTests.swift; sourceTree = "<group>"; };
		02EF8EC02BC2C19400CA6274 /* MapApplicationUITests.xctest */ = {isa = PBXFileReference; explicitFileType = wrapper.cfbundle; includeInIndex = 0; path = MapApplicationUITests.xctest; sourceTree = BUILT_PRODUCTS_DIR; };
		02EF8EC42BC2C19400CA6274 /* MapApplicationUITests.swift */ = {isa = PBXFileReference; lastKnownFileType = sourcecode.swift; path = MapApplicationUITests.swift; sourceTree = "<group>"; };
		02EF8EC62BC2C19400CA6274 /* MapApplicationUITestsLaunchTests.swift */ = {isa = PBXFileReference; lastKnownFileType = sourcecode.swift; path = MapApplicationUITestsLaunchTests.swift; sourceTree = "<group>"; };
		02EF8ED32BC2C32A00CA6274 /* CollectionViewCell.swift */ = {isa = PBXFileReference; lastKnownFileType = sourcecode.swift; path = CollectionViewCell.swift; sourceTree = "<group>"; };
		02EF8ED82BC2C76400CA6274 /* ViewModel.swift */ = {isa = PBXFileReference; lastKnownFileType = sourcecode.swift; path = ViewModel.swift; sourceTree = "<group>"; };
		02EF8EDB2BC2C79A00CA6274 /* Location.swift */ = {isa = PBXFileReference; lastKnownFileType = sourcecode.swift; path = Location.swift; sourceTree = "<group>"; };
		02EF8EDE2BC2C8BD00CA6274 /* APIClient.swift */ = {isa = PBXFileReference; lastKnownFileType = sourcecode.swift; path = APIClient.swift; sourceTree = "<group>"; };
		02EF8EE02BC2CE6F00CA6274 /* mockData.json */ = {isa = PBXFileReference; fileEncoding = 4; lastKnownFileType = text.json; path = mockData.json; sourceTree = "<group>"; };
		02EF8EE22BC2CF3E00CA6274 /* DataLoader.swift */ = {isa = PBXFileReference; fileEncoding = 4; lastKnownFileType = sourcecode.swift; path = DataLoader.swift; sourceTree = "<group>"; };
/* End PBXFileReference section */

/* Begin PBXFrameworksBuildPhase section */
		02EF8E9D2BC2C19200CA6274 /* Frameworks */ = {
			isa = PBXFrameworksBuildPhase;
			buildActionMask = 2147483647;
			files = (
			);
			runOnlyForDeploymentPostprocessing = 0;
		};
		02EF8EB32BC2C19400CA6274 /* Frameworks */ = {
			isa = PBXFrameworksBuildPhase;
			buildActionMask = 2147483647;
			files = (
			);
			runOnlyForDeploymentPostprocessing = 0;
		};
		02EF8EBD2BC2C19400CA6274 /* Frameworks */ = {
			isa = PBXFrameworksBuildPhase;
			buildActionMask = 2147483647;
			files = (
			);
			runOnlyForDeploymentPostprocessing = 0;
		};
/* End PBXFrameworksBuildPhase section */

/* Begin PBXGroup section */
		02EF8E972BC2C19200CA6274 = {
			isa = PBXGroup;
			children = (
				02EF8EA22BC2C19200CA6274 /* MapApplication */,
				02EF8EB92BC2C19400CA6274 /* MapApplicationTests */,
				02EF8EC32BC2C19400CA6274 /* MapApplicationUITests */,
				02EF8EA12BC2C19200CA6274 /* Products */,
			);
			sourceTree = "<group>";
		};
		02EF8EA12BC2C19200CA6274 /* Products */ = {
			isa = PBXGroup;
			children = (
				02EF8EA02BC2C19200CA6274 /* MapApplication.app */,
				02EF8EB62BC2C19400CA6274 /* MapApplicationTests.xctest */,
				02EF8EC02BC2C19400CA6274 /* MapApplicationUITests.xctest */,
			);
			name = Products;
			sourceTree = "<group>";
		};
		02EF8EA22BC2C19200CA6274 /* MapApplication */ = {
			isa = PBXGroup;
			children = (
				02EF8EE02BC2CE6F00CA6274 /* mockData.json */,
				02EF8EDD2BC2C8AB00CA6274 /* Service */,
				02EF8EDA2BC2C78100CA6274 /* Model */,
				02EF8ED72BC2C74C00CA6274 /* Application */,
				02EF8ED62BC2C73900CA6274 /* View */,
				02EF8ED52BC2C73000CA6274 /* ViewModel */,
				02EF8EAC2BC2C19400CA6274 /* Assets.xcassets */,
				02EF8EB12BC2C19400CA6274 /* Info.plist */,
				02EF8ED32BC2C32A00CA6274 /* CollectionViewCell.swift */,
			);
			path = MapApplication;
			sourceTree = "<group>";
		};
		02EF8EB92BC2C19400CA6274 /* MapApplicationTests */ = {
			isa = PBXGroup;
			children = (
				02EF8EBA2BC2C19400CA6274 /* MapApplicationTests.swift */,
			);
			path = MapApplicationTests;
			sourceTree = "<group>";
		};
		02EF8EC32BC2C19400CA6274 /* MapApplicationUITests */ = {
			isa = PBXGroup;
			children = (
				02EF8EC42BC2C19400CA6274 /* MapApplicationUITests.swift */,
				02EF8EC62BC2C19400CA6274 /* MapApplicationUITestsLaunchTests.swift */,
			);
			path = MapApplicationUITests;
			sourceTree = "<group>";
		};
		02EF8ED52BC2C73000CA6274 /* ViewModel */ = {
			isa = PBXGroup;
			children = (
				02EF8ED82BC2C76400CA6274 /* ViewModel.swift */,
			);
			path = ViewModel;
			sourceTree = "<group>";
		};
		02EF8ED62BC2C73900CA6274 /* View */ = {
			isa = PBXGroup;
			children = (
				02EF8EA72BC2C19200CA6274 /* ViewController.swift */,
				02EF8EA92BC2C19200CA6274 /* Main.storyboard */,
				02EF8EAE2BC2C19400CA6274 /* LaunchScreen.storyboard */,
			);
			path = View;
			sourceTree = "<group>";
		};
		02EF8ED72BC2C74C00CA6274 /* Application */ = {
			isa = PBXGroup;
			children = (
				02EF8EA52BC2C19200CA6274 /* SceneDelegate.swift */,
				02EF8EA32BC2C19200CA6274 /* AppDelegate.swift */,
			);
			path = Application;
			sourceTree = "<group>";
		};
		02EF8EDA2BC2C78100CA6274 /* Model */ = {
			isa = PBXGroup;
			children = (
				02EF8EDB2BC2C79A00CA6274 /* Location.swift */,
			);
			path = Model;
			sourceTree = "<group>";
		};
		02EF8EDD2BC2C8AB00CA6274 /* Service */ = {
			isa = PBXGroup;
			children = (
				02EF8EDE2BC2C8BD00CA6274 /* APIClient.swift */,
				02EF8EE22BC2CF3E00CA6274 /* DataLoader.swift */,
			);
			path = Service;
			sourceTree = "<group>";
		};
/* End PBXGroup section */

/* Begin PBXNativeTarget section */
		02EF8E9F2BC2C19200CA6274 /* MapApplication */ = {
			isa = PBXNativeTarget;
			buildConfigurationList = 02EF8ECA2BC2C19400CA6274 /* Build configuration list for PBXNativeTarget "MapApplication" */;
			buildPhases = (
				02EF8E9C2BC2C19200CA6274 /* Sources */,
				02EF8E9D2BC2C19200CA6274 /* Frameworks */,
				02EF8E9E2BC2C19200CA6274 /* Resources */,
			);
			buildRules = (
			);
			dependencies = (
			);
			name = MapApplication;
			productName = MapApplication;
			productReference = 02EF8EA02BC2C19200CA6274 /* MapApplication.app */;
			productType = "com.apple.product-type.application";
		};
		02EF8EB52BC2C19400CA6274 /* MapApplicationTests */ = {
			isa = PBXNativeTarget;
			buildConfigurationList = 02EF8ECD2BC2C19400CA6274 /* Build configuration list for PBXNativeTarget "MapApplicationTests" */;
			buildPhases = (
				02EF8EB22BC2C19400CA6274 /* Sources */,
				02EF8EB32BC2C19400CA6274 /* Frameworks */,
				02EF8EB42BC2C19400CA6274 /* Resources */,
			);
			buildRules = (
			);
			dependencies = (
				02EF8EB82BC2C19400CA6274 /* PBXTargetDependency */,
			);
			name = MapApplicationTests;
			productName = MapApplicationTests;
			productReference = 02EF8EB62BC2C19400CA6274 /* MapApplicationTests.xctest */;
			productType = "com.apple.product-type.bundle.unit-test";
		};
		02EF8EBF2BC2C19400CA6274 /* MapApplicationUITests */ = {
			isa = PBXNativeTarget;
			buildConfigurationList = 02EF8ED02BC2C19400CA6274 /* Build configuration list for PBXNativeTarget "MapApplicationUITests" */;
			buildPhases = (
				02EF8EBC2BC2C19400CA6274 /* Sources */,
				02EF8EBD2BC2C19400CA6274 /* Frameworks */,
				02EF8EBE2BC2C19400CA6274 /* Resources */,
			);
			buildRules = (
			);
			dependencies = (
				02EF8EC22BC2C19400CA6274 /* PBXTargetDependency */,
			);
			name = MapApplicationUITests;
			productName = MapApplicationUITests;
			productReference = 02EF8EC02BC2C19400CA6274 /* MapApplicationUITests.xctest */;
			productType = "com.apple.product-type.bundle.ui-testing";
		};
/* End PBXNativeTarget section */

/* Begin PBXProject section */
		02EF8E982BC2C19200CA6274 /* Project object */ = {
			isa = PBXProject;
			attributes = {
				BuildIndependentTargetsInParallel = 1;
				LastSwiftUpdateCheck = 1530;
				LastUpgradeCheck = 1530;
				TargetAttributes = {
					02EF8E9F2BC2C19200CA6274 = {
						CreatedOnToolsVersion = 15.3;
					};
					02EF8EB52BC2C19400CA6274 = {
						CreatedOnToolsVersion = 15.3;
						TestTargetID = 02EF8E9F2BC2C19200CA6274;
					};
					02EF8EBF2BC2C19400CA6274 = {
						CreatedOnToolsVersion = 15.3;
						TestTargetID = 02EF8E9F2BC2C19200CA6274;
					};
				};
			};
			buildConfigurationList = 02EF8E9B2BC2C19200CA6274 /* Build configuration list for PBXProject "MapApplication" */;
			compatibilityVersion = "Xcode 14.0";
			developmentRegion = en;
			hasScannedForEncodings = 0;
			knownRegions = (
				en,
				Base,
			);
			mainGroup = 02EF8E972BC2C19200CA6274;
			productRefGroup = 02EF8EA12BC2C19200CA6274 /* Products */;
			projectDirPath = "";
			projectRoot = "";
			targets = (
				02EF8E9F2BC2C19200CA6274 /* MapApplication */,
				02EF8EB52BC2C19400CA6274 /* MapApplicationTests */,
				02EF8EBF2BC2C19400CA6274 /* MapApplicationUITests */,
			);
		};
/* End PBXProject section */

/* Begin PBXResourcesBuildPhase section */
		02EF8E9E2BC2C19200CA6274 /* Resources */ = {
			isa = PBXResourcesBuildPhase;
			buildActionMask = 2147483647;
			files = (
				02EF8EAD2BC2C19400CA6274 /* Assets.xcassets in Resources */,
				02EF8EE12BC2CE6F00CA6274 /* mockData.json in Resources */,
				02EF8EB02BC2C19400CA6274 /* Base in Resources */,
				02EF8EAB2BC2C19200CA6274 /* Base in Resources */,
			);
			runOnlyForDeploymentPostprocessing = 0;
		};
		02EF8EB42BC2C19400CA6274 /* Resources */ = {
			isa = PBXResourcesBuildPhase;
			buildActionMask = 2147483647;
			files = (
			);
			runOnlyForDeploymentPostprocessing = 0;
		};
		02EF8EBE2BC2C19400CA6274 /* Resources */ = {
			isa = PBXResourcesBuildPhase;
			buildActionMask = 2147483647;
			files = (
			);
			runOnlyForDeploymentPostprocessing = 0;
		};
/* End PBXResourcesBuildPhase section */

/* Begin PBXSourcesBuildPhase section */
		02EF8E9C2BC2C19200CA6274 /* Sources */ = {
			isa = PBXSourcesBuildPhase;
			buildActionMask = 2147483647;
			files = (
				02EF8ED92BC2C76400CA6274 /* ViewModel.swift in Sources */,
				02EF8EDF2BC2C8BD00CA6274 /* APIClient.swift in Sources */,
				02EF8EA82BC2C19200CA6274 /* ViewController.swift in Sources */,
				02EF8EA42BC2C19200CA6274 /* AppDelegate.swift in Sources */,
				02EF8EE32BC2CF3E00CA6274 /* DataLoader.swift in Sources */,
				02EF8ED42BC2C32A00CA6274 /* CollectionViewCell.swift in Sources */,
				02EF8EDC2BC2C79A00CA6274 /* Location.swift in Sources */,
				02EF8EA62BC2C19200CA6274 /* SceneDelegate.swift in Sources */,
			);
			runOnlyForDeploymentPostprocessing = 0;
		};
		02EF8EB22BC2C19400CA6274 /* Sources */ = {
			isa = PBXSourcesBuildPhase;
			buildActionMask = 2147483647;
			files = (
				02EF8EBB2BC2C19400CA6274 /* MapApplicationTests.swift in Sources */,
			);
			runOnlyForDeploymentPostprocessing = 0;
		};
		02EF8EBC2BC2C19400CA6274 /* Sources */ = {
			isa = PBXSourcesBuildPhase;
			buildActionMask = 2147483647;
			files = (
				02EF8EC72BC2C19400CA6274 /* MapApplicationUITestsLaunchTests.swift in Sources */,
				02EF8EC52BC2C19400CA6274 /* MapApplicationUITests.swift in Sources */,
			);
			runOnlyForDeploymentPostprocessing = 0;
		};
/* End PBXSourcesBuildPhase section */

/* Begin PBXTargetDependency section */
		02EF8EB82BC2C19400CA6274 /* PBXTargetDependency */ = {
			isa = PBXTargetDependency;
			target = 02EF8E9F2BC2C19200CA6274 /* MapApplication */;
			targetProxy = 02EF8EB72BC2C19400CA6274 /* PBXContainerItemProxy */;
		};
		02EF8EC22BC2C19400CA6274 /* PBXTargetDependency */ = {
			isa = PBXTargetDependency;
			target = 02EF8E9F2BC2C19200CA6274 /* MapApplication */;
			targetProxy = 02EF8EC12BC2C19400CA6274 /* PBXContainerItemProxy */;
		};
/* End PBXTargetDependency section */

/* Begin PBXVariantGroup section */
		02EF8EA92BC2C19200CA6274 /* Main.storyboard */ = {
			isa = PBXVariantGroup;
			children = (
				02EF8EAA2BC2C19200CA6274 /* Base */,
			);
			name = Main.storyboard;
			sourceTree = "<group>";
		};
		02EF8EAE2BC2C19400CA6274 /* LaunchScreen.storyboard */ = {
			isa = PBXVariantGroup;
			children = (
				02EF8EAF2BC2C19400CA6274 /* Base */,
			);
			name = LaunchScreen.storyboard;
			sourceTree = "<group>";
		};
/* End PBXVariantGroup section */

/* Begin XCBuildConfiguration section */
		02EF8EC82BC2C19400CA6274 /* Debug */ = {
			isa = XCBuildConfiguration;
			buildSettings = {
				ALWAYS_SEARCH_USER_PATHS = NO;
				ASSETCATALOG_COMPILER_GENERATE_SWIFT_ASSET_SYMBOL_EXTENSIONS = YES;
				CLANG_ANALYZER_NONNULL = YES;
				CLANG_ANALYZER_NUMBER_OBJECT_CONVERSION = YES_AGGRESSIVE;
				CLANG_CXX_LANGUAGE_STANDARD = "gnu++20";
				CLANG_ENABLE_MODULES = YES;
				CLANG_ENABLE_OBJC_ARC = YES;
				CLANG_ENABLE_OBJC_WEAK = YES;
				CLANG_WARN_BLOCK_CAPTURE_AUTORELEASING = YES;
				CLANG_WARN_BOOL_CONVERSION = YES;
				CLANG_WARN_COMMA = YES;
				CLANG_WARN_CONSTANT_CONVERSION = YES;
				CLANG_WARN_DEPRECATED_OBJC_IMPLEMENTATIONS = YES;
				CLANG_WARN_DIRECT_OBJC_ISA_USAGE = YES_ERROR;
				CLANG_WARN_DOCUMENTATION_COMMENTS = YES;
				CLANG_WARN_EMPTY_BODY = YES;
				CLANG_WARN_ENUM_CONVERSION = YES;
				CLANG_WARN_INFINITE_RECURSION = YES;
				CLANG_WARN_INT_CONVERSION = YES;
				CLANG_WARN_NON_LITERAL_NULL_CONVERSION = YES;
				CLANG_WARN_OBJC_IMPLICIT_RETAIN_SELF = YES;
				CLANG_WARN_OBJC_LITERAL_CONVERSION = YES;
				CLANG_WARN_OBJC_ROOT_CLASS = YES_ERROR;
				CLANG_WARN_QUOTED_INCLUDE_IN_FRAMEWORK_HEADER = YES;
				CLANG_WARN_RANGE_LOOP_ANALYSIS = YES;
				CLANG_WARN_STRICT_PROTOTYPES = YES;
				CLANG_WARN_SUSPICIOUS_MOVE = YES;
				CLANG_WARN_UNGUARDED_AVAILABILITY = YES_AGGRESSIVE;
				CLANG_WARN_UNREACHABLE_CODE = YES;
				CLANG_WARN__DUPLICATE_METHOD_MATCH = YES;
				COPY_PHASE_STRIP = NO;
				DEBUG_INFORMATION_FORMAT = dwarf;
				ENABLE_STRICT_OBJC_MSGSEND = YES;
				ENABLE_TESTABILITY = YES;
				ENABLE_USER_SCRIPT_SANDBOXING = YES;
				GCC_C_LANGUAGE_STANDARD = gnu17;
				GCC_DYNAMIC_NO_PIC = NO;
				GCC_NO_COMMON_BLOCKS = YES;
				GCC_OPTIMIZATION_LEVEL = 0;
				GCC_PREPROCESSOR_DEFINITIONS = (
					"DEBUG=1",
					"$(inherited)",
				);
				GCC_WARN_64_TO_32_BIT_CONVERSION = YES;
				GCC_WARN_ABOUT_RETURN_TYPE = YES_ERROR;
				GCC_WARN_UNDECLARED_SELECTOR = YES;
				GCC_WARN_UNINITIALIZED_AUTOS = YES_AGGRESSIVE;
				GCC_WARN_UNUSED_FUNCTION = YES;
				GCC_WARN_UNUSED_VARIABLE = YES;
				IPHONEOS_DEPLOYMENT_TARGET = 17.4;
				LOCALIZATION_PREFERS_STRING_CATALOGS = YES;
				MTL_ENABLE_DEBUG_INFO = INCLUDE_SOURCE;
				MTL_FAST_MATH = YES;
				ONLY_ACTIVE_ARCH = YES;
				SDKROOT = iphoneos;
				SWIFT_ACTIVE_COMPILATION_CONDITIONS = "DEBUG $(inherited)";
				SWIFT_OPTIMIZATION_LEVEL = "-Onone";
			};
			name = Debug;
		};
		02EF8EC92BC2C19400CA6274 /* Release */ = {
			isa = XCBuildConfiguration;
			buildSettings = {
				ALWAYS_SEARCH_USER_PATHS = NO;
				ASSETCATALOG_COMPILER_GENERATE_SWIFT_ASSET_SYMBOL_EXTENSIONS = YES;
				CLANG_ANALYZER_NONNULL = YES;
				CLANG_ANALYZER_NUMBER_OBJECT_CONVERSION = YES_AGGRESSIVE;
				CLANG_CXX_LANGUAGE_STANDARD = "gnu++20";
				CLANG_ENABLE_MODULES = YES;
				CLANG_ENABLE_OBJC_ARC = YES;
				CLANG_ENABLE_OBJC_WEAK = YES;
				CLANG_WARN_BLOCK_CAPTURE_AUTORELEASING = YES;
				CLANG_WARN_BOOL_CONVERSION = YES;
				CLANG_WARN_COMMA = YES;
				CLANG_WARN_CONSTANT_CONVERSION = YES;
				CLANG_WARN_DEPRECATED_OBJC_IMPLEMENTATIONS = YES;
				CLANG_WARN_DIRECT_OBJC_ISA_USAGE = YES_ERROR;
				CLANG_WARN_DOCUMENTATION_COMMENTS = YES;
				CLANG_WARN_EMPTY_BODY = YES;
				CLANG_WARN_ENUM_CONVERSION = YES;
				CLANG_WARN_INFINITE_RECURSION = YES;
				CLANG_WARN_INT_CONVERSION = YES;
				CLANG_WARN_NON_LITERAL_NULL_CONVERSION = YES;
				CLANG_WARN_OBJC_IMPLICIT_RETAIN_SELF = YES;
				CLANG_WARN_OBJC_LITERAL_CONVERSION = YES;
				CLANG_WARN_OBJC_ROOT_CLASS = YES_ERROR;
				CLANG_WARN_QUOTED_INCLUDE_IN_FRAMEWORK_HEADER = YES;
				CLANG_WARN_RANGE_LOOP_ANALYSIS = YES;
				CLANG_WARN_STRICT_PROTOTYPES = YES;
				CLANG_WARN_SUSPICIOUS_MOVE = YES;
				CLANG_WARN_UNGUARDED_AVAILABILITY = YES_AGGRESSIVE;
				CLANG_WARN_UNREACHABLE_CODE = YES;
				CLANG_WARN__DUPLICATE_METHOD_MATCH = YES;
				COPY_PHASE_STRIP = NO;
				DEBUG_INFORMATION_FORMAT = "dwarf-with-dsym";
				ENABLE_NS_ASSERTIONS = NO;
				ENABLE_STRICT_OBJC_MSGSEND = YES;
				ENABLE_USER_SCRIPT_SANDBOXING = YES;
				GCC_C_LANGUAGE_STANDARD = gnu17;
				GCC_NO_COMMON_BLOCKS = YES;
				GCC_WARN_64_TO_32_BIT_CONVERSION = YES;
				GCC_WARN_ABOUT_RETURN_TYPE = YES_ERROR;
				GCC_WARN_UNDECLARED_SELECTOR = YES;
				GCC_WARN_UNINITIALIZED_AUTOS = YES_AGGRESSIVE;
				GCC_WARN_UNUSED_FUNCTION = YES;
				GCC_WARN_UNUSED_VARIABLE = YES;
				IPHONEOS_DEPLOYMENT_TARGET = 17.4;
				LOCALIZATION_PREFERS_STRING_CATALOGS = YES;
				MTL_ENABLE_DEBUG_INFO = NO;
				MTL_FAST_MATH = YES;
				SDKROOT = iphoneos;
				SWIFT_COMPILATION_MODE = wholemodule;
				VALIDATE_PRODUCT = YES;
			};
			name = Release;
		};
		02EF8ECB2BC2C19400CA6274 /* Debug */ = {
			isa = XCBuildConfiguration;
			buildSettings = {
				ASSETCATALOG_COMPILER_APPICON_NAME = AppIcon;
				ASSETCATALOG_COMPILER_GLOBAL_ACCENT_COLOR_NAME = AccentColor;
				CODE_SIGN_STYLE = Automatic;
				CURRENT_PROJECT_VERSION = 1;
				DEVELOPMENT_TEAM = S4URMM3RJV;
				GENERATE_INFOPLIST_FILE = YES;
				INFOPLIST_FILE = MapApplication/Info.plist;
				INFOPLIST_KEY_UIApplicationSupportsIndirectInputEvents = YES;
				INFOPLIST_KEY_UILaunchStoryboardName = LaunchScreen;
				INFOPLIST_KEY_UIMainStoryboardFile = Main;
				INFOPLIST_KEY_UISupportedInterfaceOrientations_iPad = "UIInterfaceOrientationPortrait UIInterfaceOrientationPortraitUpsideDown UIInterfaceOrientationLandscapeLeft UIInterfaceOrientationLandscapeRight";
				INFOPLIST_KEY_UISupportedInterfaceOrientations_iPhone = "UIInterfaceOrientationPortrait UIInterfaceOrientationLandscapeLeft UIInterfaceOrientationLandscapeRight";
				LD_RUNPATH_SEARCH_PATHS = (
					"$(inherited)",
					"@executable_path/Frameworks",
				);
				MARKETING_VERSION = 1.0;
				PRODUCT_BUNDLE_IDENTIFIER = tw.Logan.MapApplication;
				PRODUCT_NAME = "$(TARGET_NAME)";
				SWIFT_EMIT_LOC_STRINGS = YES;
				SWIFT_VERSION = 5.0;
				TARGETED_DEVICE_FAMILY = "1,2";
			};
			name = Debug;
		};
		02EF8ECC2BC2C19400CA6274 /* Release */ = {
			isa = XCBuildConfiguration;
			buildSettings = {
				ASSETCATALOG_COMPILER_APPICON_NAME = AppIcon;
				ASSETCATALOG_COMPILER_GLOBAL_ACCENT_COLOR_NAME = AccentColor;
				CODE_SIGN_STYLE = Automatic;
				CURRENT_PROJECT_VERSION = 1;
				DEVELOPMENT_TEAM = S4URMM3RJV;
				GENERATE_INFOPLIST_FILE = YES;
				INFOPLIST_FILE = MapApplication/Info.plist;
				INFOPLIST_KEY_UIApplicationSupportsIndirectInputEvents = YES;
				INFOPLIST_KEY_UILaunchStoryboardName = LaunchScreen;
				INFOPLIST_KEY_UIMainStoryboardFile = Main;
				INFOPLIST_KEY_UISupportedInterfaceOrientations_iPad = "UIInterfaceOrientationPortrait UIInterfaceOrientationPortraitUpsideDown UIInterfaceOrientationLandscapeLeft UIInterfaceOrientationLandscapeRight";
				INFOPLIST_KEY_UISupportedInterfaceOrientations_iPhone = "UIInterfaceOrientationPortrait UIInterfaceOrientationLandscapeLeft UIInterfaceOrientationLandscapeRight";
				LD_RUNPATH_SEARCH_PATHS = (
					"$(inherited)",
					"@executable_path/Frameworks",
				);
				MARKETING_VERSION = 1.0;
				PRODUCT_BUNDLE_IDENTIFIER = tw.Logan.MapApplication;
				PRODUCT_NAME = "$(TARGET_NAME)";
				SWIFT_EMIT_LOC_STRINGS = YES;
				SWIFT_VERSION = 5.0;
				TARGETED_DEVICE_FAMILY = "1,2";
			};
			name = Release;
		};
		02EF8ECE2BC2C19400CA6274 /* Debug */ = {
			isa = XCBuildConfiguration;
			buildSettings = {
				ALWAYS_EMBED_SWIFT_STANDARD_LIBRARIES = YES;
				BUNDLE_LOADER = "$(TEST_HOST)";
				CODE_SIGN_STYLE = Automatic;
				CURRENT_PROJECT_VERSION = 1;
				DEVELOPMENT_TEAM = S4URMM3RJV;
				GENERATE_INFOPLIST_FILE = YES;
				IPHONEOS_DEPLOYMENT_TARGET = 17.4;
				MARKETING_VERSION = 1.0;
				PRODUCT_BUNDLE_IDENTIFIER = tw.Logan.MapApplicationTests;
				PRODUCT_NAME = "$(TARGET_NAME)";
				SWIFT_EMIT_LOC_STRINGS = NO;
				SWIFT_VERSION = 5.0;
				TARGETED_DEVICE_FAMILY = "1,2";
				TEST_HOST = "$(BUILT_PRODUCTS_DIR)/MapApplication.app/$(BUNDLE_EXECUTABLE_FOLDER_PATH)/MapApplication";
			};
			name = Debug;
		};
		02EF8ECF2BC2C19400CA6274 /* Release */ = {
			isa = XCBuildConfiguration;
			buildSettings = {
				ALWAYS_EMBED_SWIFT_STANDARD_LIBRARIES = YES;
				BUNDLE_LOADER = "$(TEST_HOST)";
				CODE_SIGN_STYLE = Automatic;
				CURRENT_PROJECT_VERSION = 1;
				DEVELOPMENT_TEAM = S4URMM3RJV;
				GENERATE_INFOPLIST_FILE = YES;
				IPHONEOS_DEPLOYMENT_TARGET = 17.4;
				MARKETING_VERSION = 1.0;
				PRODUCT_BUNDLE_IDENTIFIER = tw.Logan.MapApplicationTests;
				PRODUCT_NAME = "$(TARGET_NAME)";
				SWIFT_EMIT_LOC_STRINGS = NO;
				SWIFT_VERSION = 5.0;
				TARGETED_DEVICE_FAMILY = "1,2";
				TEST_HOST = "$(BUILT_PRODUCTS_DIR)/MapApplication.app/$(BUNDLE_EXECUTABLE_FOLDER_PATH)/MapApplication";
			};
			name = Release;
		};
		02EF8ED12BC2C19400CA6274 /* Debug */ = {
			isa = XCBuildConfiguration;
			buildSettings = {
				ALWAYS_EMBED_SWIFT_STANDARD_LIBRARIES = YES;
				CODE_SIGN_STYLE = Automatic;
				CURRENT_PROJECT_VERSION = 1;
				DEVELOPMENT_TEAM = S4URMM3RJV;
				GENERATE_INFOPLIST_FILE = YES;
				MARKETING_VERSION = 1.0;
				PRODUCT_BUNDLE_IDENTIFIER = tw.Logan.MapApplicationUITests;
				PRODUCT_NAME = "$(TARGET_NAME)";
				SWIFT_EMIT_LOC_STRINGS = NO;
				SWIFT_VERSION = 5.0;
				TARGETED_DEVICE_FAMILY = "1,2";
				TEST_TARGET_NAME = MapApplication;
			};
			name = Debug;
		};
		02EF8ED22BC2C19400CA6274 /* Release */ = {
			isa = XCBuildConfiguration;
			buildSettings = {
				ALWAYS_EMBED_SWIFT_STANDARD_LIBRARIES = YES;
				CODE_SIGN_STYLE = Automatic;
				CURRENT_PROJECT_VERSION = 1;
				DEVELOPMENT_TEAM = S4URMM3RJV;
				GENERATE_INFOPLIST_FILE = YES;
				MARKETING_VERSION = 1.0;
				PRODUCT_BUNDLE_IDENTIFIER = tw.Logan.MapApplicationUITests;
				PRODUCT_NAME = "$(TARGET_NAME)";
				SWIFT_EMIT_LOC_STRINGS = NO;
				SWIFT_VERSION = 5.0;
				TARGETED_DEVICE_FAMILY = "1,2";
				TEST_TARGET_NAME = MapApplication;
			};
			name = Release;
		};
/* End XCBuildConfiguration section */

/* Begin XCConfigurationList section */
		02EF8E9B2BC2C19200CA6274 /* Build configuration list for PBXProject "MapApplication" */ = {
			isa = XCConfigurationList;
			buildConfigurations = (
				02EF8EC82BC2C19400CA6274 /* Debug */,
				02EF8EC92BC2C19400CA6274 /* Release */,
			);
			defaultConfigurationIsVisible = 0;
			defaultConfigurationName = Release;
		};
		02EF8ECA2BC2C19400CA6274 /* Build configuration list for PBXNativeTarget "MapApplication" */ = {
			isa = XCConfigurationList;
			buildConfigurations = (
				02EF8ECB2BC2C19400CA6274 /* Debug */,
				02EF8ECC2BC2C19400CA6274 /* Release */,
			);
			defaultConfigurationIsVisible = 0;
			defaultConfigurationName = Release;
		};
		02EF8ECD2BC2C19400CA6274 /* Build configuration list for PBXNativeTarget "MapApplicationTests" */ = {
			isa = XCConfigurationList;
			buildConfigurations = (
				02EF8ECE2BC2C19400CA6274 /* Debug */,
				02EF8ECF2BC2C19400CA6274 /* Release */,
			);
			defaultConfigurationIsVisible = 0;
			defaultConfigurationName = Release;
		};
		02EF8ED02BC2C19400CA6274 /* Build configuration list for PBXNativeTarget "MapApplicationUITests" */ = {
			isa = XCConfigurationList;
			buildConfigurations = (
				02EF8ED12BC2C19400CA6274 /* Debug */,
				02EF8ED22BC2C19400CA6274 /* Release */,
			);
			defaultConfigurationIsVisible = 0;
			defaultConfigurationName = Release;
		};
/* End XCConfigurationList section */
	};
	rootObject = 02EF8E982BC2C19200CA6274 /* Project object */;
}
